
Microsoft Visual Studio Solution File, Format Version 12.00
# Visual Studio Version 16
VisualStudioVersion = 16.0.32228.343
MinimumVisualStudioVersion = 10.0.40219.1
Project("{FAE04EC0-301F-11D3-BF4B-00C04F79EFBC}") = "GamesComp__ASP", "GamesComp__ASP\GamesComp__ASP.csproj", "{0249EA80-C3AE-4014-BF21-05E7C0168B00}"
EndProject
Global
	GlobalSection(SolutionConfigurationPlatforms) = preSolution
		Debug|Any CPU = Debug|Any CPU
		Release|Any CPU = Release|Any CPU
	EndGlobalSection
	GlobalSection(ProjectConfigurationPlatforms) = postSolution
		{0249EA80-C3AE-4014-BF21-05E7C0168B00}.Debug|Any CPU.ActiveCfg = Debug|Any CPU
		{0249EA80-C3AE-4014-BF21-05E7C0168B00}.Debug|Any CPU.Build.0 = Debug|Any CPU
		{0249EA80-C3AE-4014-BF21-05E7C0168B00}.Release|Any CPU.ActiveCfg = Release|Any CPU
		{0249EA80-C3AE-4014-BF21-05E7C0168B00}.Release|Any CPU.Build.0 = Release|Any CPU
	EndGlobalSection
	GlobalSection(SolutionProperties) = preSolution
		HideSolutionNode = FALSE
	EndGlobalSection
	GlobalSection(ExtensibilityGlobals) = postSolution
		SolutionGuid = {641CC071-D165-4D5A-83DD-CB7A54ACC7A9}
	EndGlobalSection
EndGlobal
